
Microsoft Visual Studio Solution File, Format Version 12.00
# Visual Studio Version 17
VisualStudioVersion = 17.13.35931.197
MinimumVisualStudioVersion = 10.0.40219.1
Project("{FAE04EC0-301F-11D3-BF4B-00C04F79EFBC}") = "Scotland2025.UI", "Scotland2025.UI\Scotland2025.UI.csproj", "{1CF07FC5-665E-886E-D862-3E57BB4BCB69}"
EndProject
Project("{FAE04EC0-301F-11D3-BF4B-00C04F79EFBC}") = "Scotland2025.AppHost", "Scotland2025.AppHost\Scotland2025.AppHost.csproj", "{2C6E2269-8232-494A-92CB-EC9B4C4FB205}"
EndProject
Project("{FAE04EC0-301F-11D3-BF4B-00C04F79EFBC}") = "Scotland2025.ServiceDefaults", "Scotland2025.ServiceDefaults\Scotland2025.ServiceDefaults.csproj", "{FE2A95BA-0CEF-766D-6E16-BD06DED04510}"
EndProject
Project("{FAE04EC0-301F-11D3-BF4B-00C04F79EFBC}") = "Scotland2025.Api", "Scotland2025.Api\Scotland2025.Api.csproj", "{56A0948B-C6A6-9A93-8F9F-AA3F3BFE87F6}"
EndProject
Project("{FAE04EC0-301F-11D3-BF4B-00C04F79EFBC}") = "Scotland2025.Application", "Scotland2025.Application\Scotland2025.Application.csproj", "{DD96C715-CCDF-4D24-BD7C-AA66AB66A660}"
EndProject
Project("{FAE04EC0-301F-11D3-BF4B-00C04F79EFBC}") = "Scotland2025.Infrastructure", "Scotland2025.Infrastructure\Scotland2025.Infrastructure.csproj", "{7E5A6CBE-2A36-4DBF-8416-BD2C6659BFEB}"
EndProject
Project("{FAE04EC0-301F-11D3-BF4B-00C04F79EFBC}") = "Scotland2025.JsonDocumentUploader", "Scotland2025.JsonDocumentUploader\Scotland2025.JsonDocumentUploader.csproj", "{6103B8B1-1808-4AF3-BFD2-20C1C3BDCB83}"
EndProject
Project("{FAE04EC0-301F-11D3-BF4B-00C04F79EFBC}") = "Scotland2025.Contracts", "Scotland2025.Contracts\Scotland2025.Contracts.csproj", "{187ADD66-1289-4069-9C96-863EA3E7BB08}"
EndProject
Global
	GlobalSection(SolutionConfigurationPlatforms) = preSolution
		Debug|Any CPU = Debug|Any CPU
		Release|Any CPU = Release|Any CPU
	EndGlobalSection
	GlobalSection(ProjectConfigurationPlatforms) = postSolution
		{1CF07FC5-665E-886E-D862-3E57BB4BCB69}.Debug|Any CPU.ActiveCfg = Debug|Any CPU
		{1CF07FC5-665E-886E-D862-3E57BB4BCB69}.Debug|Any CPU.Build.0 = Debug|Any CPU
		{1CF07FC5-665E-886E-D862-3E57BB4BCB69}.Release|Any CPU.ActiveCfg = Release|Any CPU
		{1CF07FC5-665E-886E-D862-3E57BB4BCB69}.Release|Any CPU.Build.0 = Release|Any CPU
		{2C6E2269-8232-494A-92CB-EC9B4C4FB205}.Debug|Any CPU.ActiveCfg = Debug|Any CPU
		{2C6E2269-8232-494A-92CB-EC9B4C4FB205}.Debug|Any CPU.Build.0 = Debug|Any CPU
		{2C6E2269-8232-494A-92CB-EC9B4C4FB205}.Release|Any CPU.ActiveCfg = Release|Any CPU
		{2C6E2269-8232-494A-92CB-EC9B4C4FB205}.Release|Any CPU.Build.0 = Release|Any CPU
		{FE2A95BA-0CEF-766D-6E16-BD06DED04510}.Debug|Any CPU.ActiveCfg = Debug|Any CPU
		{FE2A95BA-0CEF-766D-6E16-BD06DED04510}.Debug|Any CPU.Build.0 = Debug|Any CPU
		{FE2A95BA-0CEF-766D-6E16-BD06DED04510}.Release|Any CPU.ActiveCfg = Release|Any CPU
		{FE2A95BA-0CEF-766D-6E16-BD06DED04510}.Release|Any CPU.Build.0 = Release|Any CPU
		{56A0948B-C6A6-9A93-8F9F-AA3F3BFE87F6}.Debug|Any CPU.ActiveCfg = Debug|Any CPU
		{56A0948B-C6A6-9A93-8F9F-AA3F3BFE87F6}.Debug|Any CPU.Build.0 = Debug|Any CPU
		{56A0948B-C6A6-9A93-8F9F-AA3F3BFE87F6}.Release|Any CPU.ActiveCfg = Release|Any CPU
		{56A0948B-C6A6-9A93-8F9F-AA3F3BFE87F6}.Release|Any CPU.Build.0 = Release|Any CPU
		{DD96C715-CCDF-4D24-BD7C-AA66AB66A660}.Debug|Any CPU.ActiveCfg = Debug|Any CPU
		{DD96C715-CCDF-4D24-BD7C-AA66AB66A660}.Debug|Any CPU.Build.0 = Debug|Any CPU
		{DD96C715-CCDF-4D24-BD7C-AA66AB66A660}.Release|Any CPU.ActiveCfg = Release|Any CPU
		{DD96C715-CCDF-4D24-BD7C-AA66AB66A660}.Release|Any CPU.Build.0 = Release|Any CPU
		{7E5A6CBE-2A36-4DBF-8416-BD2C6659BFEB}.Debug|Any CPU.ActiveCfg = Debug|Any CPU
		{7E5A6CBE-2A36-4DBF-8416-BD2C6659BFEB}.Debug|Any CPU.Build.0 = Debug|Any CPU
		{7E5A6CBE-2A36-4DBF-8416-BD2C6659BFEB}.Release|Any CPU.ActiveCfg = Release|Any CPU
		{7E5A6CBE-2A36-4DBF-8416-BD2C6659BFEB}.Release|Any CPU.Build.0 = Release|Any CPU
		{6103B8B1-1808-4AF3-BFD2-20C1C3BDCB83}.Debug|Any CPU.ActiveCfg = Debug|Any CPU
		{6103B8B1-1808-4AF3-BFD2-20C1C3BDCB83}.Debug|Any CPU.Build.0 = Debug|Any CPU
		{6103B8B1-1808-4AF3-BFD2-20C1C3BDCB83}.Release|Any CPU.ActiveCfg = Release|Any CPU
		{6103B8B1-1808-4AF3-BFD2-20C1C3BDCB83}.Release|Any CPU.Build.0 = Release|Any CPU
		{187ADD66-1289-4069-9C96-863EA3E7BB08}.Debug|Any CPU.ActiveCfg = Debug|Any CPU
		{187ADD66-1289-4069-9C96-863EA3E7BB08}.Debug|Any CPU.Build.0 = Debug|Any CPU
		{187ADD66-1289-4069-9C96-863EA3E7BB08}.Release|Any CPU.ActiveCfg = Release|Any CPU
		{187ADD66-1289-4069-9C96-863EA3E7BB08}.Release|Any CPU.Build.0 = Release|Any CPU
	EndGlobalSection
	GlobalSection(SolutionProperties) = preSolution
		HideSolutionNode = FALSE
	EndGlobalSection
	GlobalSection(ExtensibilityGlobals) = postSolution
		SolutionGuid = {12C5929A-8361-4C84-8115-284F3127932F}
	EndGlobalSection
EndGlobal
